
Microsoft Visual Studio Solution File, Format Version 12.00
# Visual Studio 15
VisualStudioVersion = 15.0.26124.0
MinimumVisualStudioVersion = 15.0.26124.0
Project("{2150E333-8FDC-42A3-9474-1A3956D46DE8}") = "Modules", "Modules", "{D9E73129-B533-484C-AEFC-7DA139610289}"
EndProject
Project("{FAE04EC0-301F-11D3-BF4B-00C04F79EFBC}") = "MinoriEditorShell", "Modules\MinoriEditorShell\MinoriEditorShell.csproj", "{C7863C93-477E-445B-98A1-F09454583537}"
EndProject
Project("{2150E333-8FDC-42A3-9474-1A3956D46DE8}") = "Demos", "Demos", "{3787F54F-76A2-47AE-AA26-79065C6CE52F}"
EndProject
Project("{2150E333-8FDC-42A3-9474-1A3956D46DE8}") = "SimpleDemo", "SimpleDemo", "{40760750-D249-419D-B947-BB18B5A7FC4B}"
EndProject
Project("{FAE04EC0-301F-11D3-BF4B-00C04F79EFBC}") = "SimpleDemo.Core", "Demos\SimpleDemo\SimpleDemo.Core\SimpleDemo.Core.csproj", "{5D755878-EA31-4D57-B5D9-D36EA9275DA9}"
EndProject
Project("{FAE04EC0-301F-11D3-BF4B-00C04F79EFBC}") = "SimpleDemo.Avalonia", "Demos\SimpleDemo\SimpleDemo.Avalonia\SimpleDemo.Avalonia.csproj", "{4AEE5668-722A-4799-9399-DBF9023D14F5}"
EndProject
Project("{FAE04EC0-301F-11D3-BF4B-00C04F79EFBC}") = "MinoriEditorShell.Platforms.Avalonia", "Modules\MinoriEditorShell.Platforms.Avalonia\MinoriEditorShell.Platforms.Avalonia.csproj", "{CCFF52CE-0ECB-4135-946D-D249DE58AA6D}"
EndProject
Global
	GlobalSection(SolutionConfigurationPlatforms) = preSolution
		Debug|Any CPU = Debug|Any CPU
		Debug|x64 = Debug|x64
		Debug|x86 = Debug|x86
		Release|Any CPU = Release|Any CPU
		Release|x64 = Release|x64
		Release|x86 = Release|x86
	EndGlobalSection
	GlobalSection(SolutionProperties) = preSolution
		HideSolutionNode = FALSE
	EndGlobalSection
	GlobalSection(ProjectConfigurationPlatforms) = postSolution
		{C7863C93-477E-445B-98A1-F09454583537}.Debug|Any CPU.ActiveCfg = Debug|Any CPU
		{C7863C93-477E-445B-98A1-F09454583537}.Debug|Any CPU.Build.0 = Debug|Any CPU
		{C7863C93-477E-445B-98A1-F09454583537}.Debug|x64.ActiveCfg = Debug|Any CPU
		{C7863C93-477E-445B-98A1-F09454583537}.Debug|x64.Build.0 = Debug|Any CPU
		{C7863C93-477E-445B-98A1-F09454583537}.Debug|x86.ActiveCfg = Debug|Any CPU
		{C7863C93-477E-445B-98A1-F09454583537}.Debug|x86.Build.0 = Debug|Any CPU
		{C7863C93-477E-445B-98A1-F09454583537}.Release|Any CPU.ActiveCfg = Release|Any CPU
		{C7863C93-477E-445B-98A1-F09454583537}.Release|Any CPU.Build.0 = Release|Any CPU
		{C7863C93-477E-445B-98A1-F09454583537}.Release|x64.ActiveCfg = Release|Any CPU
		{C7863C93-477E-445B-98A1-F09454583537}.Release|x64.Build.0 = Release|Any CPU
		{C7863C93-477E-445B-98A1-F09454583537}.Release|x86.ActiveCfg = Release|Any CPU
		{C7863C93-477E-445B-98A1-F09454583537}.Release|x86.Build.0 = Release|Any CPU
		{5D755878-EA31-4D57-B5D9-D36EA9275DA9}.Debug|Any CPU.ActiveCfg = Debug|Any CPU
		{5D755878-EA31-4D57-B5D9-D36EA9275DA9}.Debug|Any CPU.Build.0 = Debug|Any CPU
		{5D755878-EA31-4D57-B5D9-D36EA9275DA9}.Debug|x64.ActiveCfg = Debug|Any CPU
		{5D755878-EA31-4D57-B5D9-D36EA9275DA9}.Debug|x64.Build.0 = Debug|Any CPU
		{5D755878-EA31-4D57-B5D9-D36EA9275DA9}.Debug|x86.ActiveCfg = Debug|Any CPU
		{5D755878-EA31-4D57-B5D9-D36EA9275DA9}.Debug|x86.Build.0 = Debug|Any CPU
		{5D755878-EA31-4D57-B5D9-D36EA9275DA9}.Release|Any CPU.ActiveCfg = Release|Any CPU
		{5D755878-EA31-4D57-B5D9-D36EA9275DA9}.Release|Any CPU.Build.0 = Release|Any CPU
		{5D755878-EA31-4D57-B5D9-D36EA9275DA9}.Release|x64.ActiveCfg = Release|Any CPU
		{5D755878-EA31-4D57-B5D9-D36EA9275DA9}.Release|x64.Build.0 = Release|Any CPU
		{5D755878-EA31-4D57-B5D9-D36EA9275DA9}.Release|x86.ActiveCfg = Release|Any CPU
		{5D755878-EA31-4D57-B5D9-D36EA9275DA9}.Release|x86.Build.0 = Release|Any CPU
		{4AEE5668-722A-4799-9399-DBF9023D14F5}.Debug|Any CPU.ActiveCfg = Debug|Any CPU
		{4AEE5668-722A-4799-9399-DBF9023D14F5}.Debug|Any CPU.Build.0 = Debug|Any CPU
		{4AEE5668-722A-4799-9399-DBF9023D14F5}.Debug|x64.ActiveCfg = Debug|Any CPU
		{4AEE5668-722A-4799-9399-DBF9023D14F5}.Debug|x64.Build.0 = Debug|Any CPU
		{4AEE5668-722A-4799-9399-DBF9023D14F5}.Debug|x86.ActiveCfg = Debug|Any CPU
		{4AEE5668-722A-4799-9399-DBF9023D14F5}.Debug|x86.Build.0 = Debug|Any CPU
		{4AEE5668-722A-4799-9399-DBF9023D14F5}.Release|Any CPU.ActiveCfg = Release|Any CPU
		{4AEE5668-722A-4799-9399-DBF9023D14F5}.Release|Any CPU.Build.0 = Release|Any CPU
		{4AEE5668-722A-4799-9399-DBF9023D14F5}.Release|x64.ActiveCfg = Release|Any CPU
		{4AEE5668-722A-4799-9399-DBF9023D14F5}.Release|x64.Build.0 = Release|Any CPU
		{4AEE5668-722A-4799-9399-DBF9023D14F5}.Release|x86.ActiveCfg = Release|Any CPU
		{4AEE5668-722A-4799-9399-DBF9023D14F5}.Release|x86.Build.0 = Release|Any CPU
		{CCFF52CE-0ECB-4135-946D-D249DE58AA6D}.Debug|Any CPU.ActiveCfg = Debug|Any CPU
		{CCFF52CE-0ECB-4135-946D-D249DE58AA6D}.Debug|Any CPU.Build.0 = Debug|Any CPU
		{CCFF52CE-0ECB-4135-946D-D249DE58AA6D}.Debug|x64.ActiveCfg = Debug|Any CPU
		{CCFF52CE-0ECB-4135-946D-D249DE58AA6D}.Debug|x64.Build.0 = Debug|Any CPU
		{CCFF52CE-0ECB-4135-946D-D249DE58AA6D}.Debug|x86.ActiveCfg = Debug|Any CPU
		{CCFF52CE-0ECB-4135-946D-D249DE58AA6D}.Debug|x86.Build.0 = Debug|Any CPU
		{CCFF52CE-0ECB-4135-946D-D249DE58AA6D}.Release|Any CPU.ActiveCfg = Release|Any CPU
		{CCFF52CE-0ECB-4135-946D-D249DE58AA6D}.Release|Any CPU.Build.0 = Release|Any CPU
		{CCFF52CE-0ECB-4135-946D-D249DE58AA6D}.Release|x64.ActiveCfg = Release|Any CPU
		{CCFF52CE-0ECB-4135-946D-D249DE58AA6D}.Release|x64.Build.0 = Release|Any CPU
		{CCFF52CE-0ECB-4135-946D-D249DE58AA6D}.Release|x86.ActiveCfg = Release|Any CPU
		{CCFF52CE-0ECB-4135-946D-D249DE58AA6D}.Release|x86.Build.0 = Release|Any CPU
	EndGlobalSection
	GlobalSection(NestedProjects) = preSolution
		{C7863C93-477E-445B-98A1-F09454583537} = {D9E73129-B533-484C-AEFC-7DA139610289}
		{40760750-D249-419D-B947-BB18B5A7FC4B} = {3787F54F-76A2-47AE-AA26-79065C6CE52F}
		{5D755878-EA31-4D57-B5D9-D36EA9275DA9} = {40760750-D249-419D-B947-BB18B5A7FC4B}
		{4AEE5668-722A-4799-9399-DBF9023D14F5} = {40760750-D249-419D-B947-BB18B5A7FC4B}
		{CCFF52CE-0ECB-4135-946D-D249DE58AA6D} = {D9E73129-B533-484C-AEFC-7DA139610289}
	EndGlobalSection
EndGlobal
