
Microsoft Visual Studio Solution File, Format Version 12.00
# Visual Studio Version 16
VisualStudioVersion = 16.0.28803.202
MinimumVisualStudioVersion = 10.0.40219.1
Project("{2150E333-8FDC-42A3-9474-1A3956D46DE8}") = "!Solution Items", "!Solution Items", "{748FD7C1-877B-451D-809A-68E032C39B34}"
	ProjectSection(SolutionItems) = preProject
		.editorconfig = .editorconfig
		azure-pipelines.yml = azure-pipelines.yml
		CHANGELOG.md = CHANGELOG.md
		GitVersion.yml = GitVersion.yml
		LICENCE.txt = LICENCE.txt
		README.md = README.md
		Rebracer.xml = Rebracer.xml
	EndProjectSection
EndProject
Project("{2150E333-8FDC-42A3-9474-1A3956D46DE8}") = "Demos", "Demos", "{87C5CCCC-7448-4802-B35F-C0BEA3FF880D}"
EndProject
Project("{2150E333-8FDC-42A3-9474-1A3956D46DE8}") = "SimpleDemo", "SimpleDemo", "{F8E17C87-3554-4E81-9FB6-0BC0939EDA6B}"
EndProject
Project("{9A19103F-16F7-4668-BE54-9A1E7A4F7556}") = "SimpleDemo.Core", "Demos\SimpleDemo\SimpleDemo.Core\SimpleDemo.Core.csproj", "{1BE23C45-838B-47E7-8437-90493CBEA59A}"
EndProject
Project("{FAE04EC0-301F-11D3-BF4B-00C04F79EFBC}") = "SimpleDemo.WPF", "Demos\SimpleDemo\SimpleDemo.WPF\SimpleDemo.WPF.csproj", "{1C1AD720-523F-4144-8BA3-1E86461BC019}"
EndProject
Project("{2150E333-8FDC-42A3-9474-1A3956D46DE8}") = "Modules", "Modules", "{417CE623-3714-4105-8A2F-4C1A7DB61AA7}"
EndProject
Project("{9A19103F-16F7-4668-BE54-9A1E7A4F7556}") = "MinoriEditorShell", "Modules\MinoriEditorShell\MinoriEditorShell.csproj", "{320B6932-9C96-4A1C-A2FC-F393516AE13F}"
EndProject
Project("{FAE04EC0-301F-11D3-BF4B-00C04F79EFBC}") = "SimpleDemo.RibbonWPF", "Demos\SimpleDemo\SimpleDemo.RibbonWPF\SimpleDemo.RibbonWPF.csproj", "{4179EC7D-789B-4570-91F9-A5D56251A6EE}"
EndProject
Project("{9A19103F-16F7-4668-BE54-9A1E7A4F7556}") = "MinoriEditorShell.Ribbon", "Modules\MinoriEditorShell.Ribbon\MinoriEditorShell.Ribbon.csproj", "{ED2E6A4C-FE20-4CB8-953E-880C1EE31AE6}"
EndProject
Project("{9A19103F-16F7-4668-BE54-9A1E7A4F7556}") = "MinoriEditorShell.VirtualCanvas", "Modules\MinoriEditorShell.VirtualCanvas\MinoriEditorShell.VirtualCanvas.csproj", "{B8BA7A12-25B1-445D-93B8-D0F34226D053}"
EndProject
Project("{2150E333-8FDC-42A3-9474-1A3956D46DE8}") = "MinoriDemo", "MinoriDemo", "{0D78D57D-5ED4-4898-A3E5-39C7B5ECEF0C}"
EndProject
Project("{9A19103F-16F7-4668-BE54-9A1E7A4F7556}") = "MinoriDemo.Core", "Demos\MinoriDemo\MinoriDemo.Core\MinoriDemo.Core.csproj", "{E2733B2F-5C55-4C2E-879F-1495C5E11A4B}"
EndProject
Project("{FAE04EC0-301F-11D3-BF4B-00C04F79EFBC}") = "MinoriDemo.WPF", "Demos\MinoriDemo\MinoriDemo.WPF\MinoriDemo.WPF.csproj", "{0CF393F5-88BF-435F-A294-1C118F67AD3F}"
EndProject
Project("{FAE04EC0-301F-11D3-BF4B-00C04F79EFBC}") = "MinoriDemo.RibbonWPF", "Demos\MinoriDemo\MinoriDemo.RibbonWPF\MinoriDemo.RibbonWPF.csproj", "{9D695910-476E-4156-8AEE-4F2DDBE984FD}"
EndProject
Project("{2150E333-8FDC-42A3-9474-1A3956D46DE8}") = "Tests", "Tests", "{D96C6D53-E9ED-4E32-9856-B858A63C9D9E}"
EndProject
Project("{FAE04EC0-301F-11D3-BF4B-00C04F79EFBC}") = "MinoriEditorShell.RibbonTests.Wpf", "Tests\MinoriEditorShell.RibbonTests.Wpf\MinoriEditorShell.RibbonTests.Wpf.csproj", "{AB42B92D-2FA1-4D09-A6C4-5D8614B793A2}"
EndProject
Project("{9A19103F-16F7-4668-BE54-9A1E7A4F7556}") = "MinoriEditorShell.Platforms.Wpf", "Modules\MinoriEditorShell.Platforms.Wpf\MinoriEditorShell.Platforms.Wpf.csproj", "{79572320-E719-4053-A12A-9D74E111FC5E}"
EndProject
Project("{9A19103F-16F7-4668-BE54-9A1E7A4F7556}") = "MinoriEditorShell.VirtualCanvas.Platforms.Wpf", "Modules\MinoriEditorShell.VirtualCanvas.Platforms.Wpf\MinoriEditorShell.VirtualCanvas.Platforms.Wpf.csproj", "{ACD61563-7365-4287-8FE8-6B0C38C5E8E3}"
EndProject
Project("{9A19103F-16F7-4668-BE54-9A1E7A4F7556}") = "MinoriEditorShell.Platforms.WpfTests", "Tests\MinoriEditorShell.Platforms.WpfTests\MinoriEditorShell.Platforms.WpfTests.csproj", "{F23310EF-CC43-41C1-9C80-82B881764AC5}"
EndProject
Project("{9A19103F-16F7-4668-BE54-9A1E7A4F7556}") = "SimpleDemo.WpfCore", "Demos\SimpleDemo\SimpleDemo.WpfCore\SimpleDemo.WpfCore.csproj", "{C962A9DC-6215-48E2-B2FD-D77B7D0C6D3A}"
EndProject
Project("{9A19103F-16F7-4668-BE54-9A1E7A4F7556}") = "SimpleDemo.RibbonWpfCore", "Demos\SimpleDemo\SimpleDemo.RibbonWpfCore\SimpleDemo.RibbonWpfCore.csproj", "{25F62AFA-DB2E-4561-9EA3-2B7764D197A4}"
EndProject
Project("{9A19103F-16F7-4668-BE54-9A1E7A4F7556}") = "MinoriDemo.RibbonWpfCore", "Demos\MinoriDemo\MinoriDemo.RibbonWpfCore\MinoriDemo.RibbonWpfCore.csproj", "{47BC0DF9-FFD4-468F-8A98-E24F4D5DA311}"
EndProject
Project("{9A19103F-16F7-4668-BE54-9A1E7A4F7556}") = "MinoriDemo.WpfCore", "Demos\MinoriDemo\MinoriDemo.WpfCore\MinoriDemo.WpfCore.csproj", "{31D34D4B-888E-4667-82CE-C9599FD4A974}"
EndProject
Global
	GlobalSection(SolutionConfigurationPlatforms) = preSolution
		Debug|Any CPU = Debug|Any CPU
		Release|Any CPU = Release|Any CPU
	EndGlobalSection
	GlobalSection(ProjectConfigurationPlatforms) = postSolution
		{1BE23C45-838B-47E7-8437-90493CBEA59A}.Debug|Any CPU.ActiveCfg = Debug|Any CPU
		{1BE23C45-838B-47E7-8437-90493CBEA59A}.Debug|Any CPU.Build.0 = Debug|Any CPU
		{1BE23C45-838B-47E7-8437-90493CBEA59A}.Release|Any CPU.ActiveCfg = Release|Any CPU
		{1BE23C45-838B-47E7-8437-90493CBEA59A}.Release|Any CPU.Build.0 = Release|Any CPU
		{1C1AD720-523F-4144-8BA3-1E86461BC019}.Debug|Any CPU.ActiveCfg = Debug|Any CPU
		{1C1AD720-523F-4144-8BA3-1E86461BC019}.Debug|Any CPU.Build.0 = Debug|Any CPU
		{1C1AD720-523F-4144-8BA3-1E86461BC019}.Release|Any CPU.ActiveCfg = Release|Any CPU
		{1C1AD720-523F-4144-8BA3-1E86461BC019}.Release|Any CPU.Build.0 = Release|Any CPU
		{320B6932-9C96-4A1C-A2FC-F393516AE13F}.Debug|Any CPU.ActiveCfg = Debug|Any CPU
		{320B6932-9C96-4A1C-A2FC-F393516AE13F}.Debug|Any CPU.Build.0 = Debug|Any CPU
		{320B6932-9C96-4A1C-A2FC-F393516AE13F}.Release|Any CPU.ActiveCfg = Release|Any CPU
		{320B6932-9C96-4A1C-A2FC-F393516AE13F}.Release|Any CPU.Build.0 = Release|Any CPU
		{4179EC7D-789B-4570-91F9-A5D56251A6EE}.Debug|Any CPU.ActiveCfg = Debug|Any CPU
		{4179EC7D-789B-4570-91F9-A5D56251A6EE}.Debug|Any CPU.Build.0 = Debug|Any CPU
		{4179EC7D-789B-4570-91F9-A5D56251A6EE}.Release|Any CPU.ActiveCfg = Release|Any CPU
		{4179EC7D-789B-4570-91F9-A5D56251A6EE}.Release|Any CPU.Build.0 = Release|Any CPU
		{ED2E6A4C-FE20-4CB8-953E-880C1EE31AE6}.Debug|Any CPU.ActiveCfg = Debug|Any CPU
		{ED2E6A4C-FE20-4CB8-953E-880C1EE31AE6}.Debug|Any CPU.Build.0 = Debug|Any CPU
		{ED2E6A4C-FE20-4CB8-953E-880C1EE31AE6}.Release|Any CPU.ActiveCfg = Release|Any CPU
		{ED2E6A4C-FE20-4CB8-953E-880C1EE31AE6}.Release|Any CPU.Build.0 = Release|Any CPU
		{B8BA7A12-25B1-445D-93B8-D0F34226D053}.Debug|Any CPU.ActiveCfg = Debug|Any CPU
		{B8BA7A12-25B1-445D-93B8-D0F34226D053}.Debug|Any CPU.Build.0 = Debug|Any CPU
		{B8BA7A12-25B1-445D-93B8-D0F34226D053}.Release|Any CPU.ActiveCfg = Release|Any CPU
		{B8BA7A12-25B1-445D-93B8-D0F34226D053}.Release|Any CPU.Build.0 = Release|Any CPU
		{E2733B2F-5C55-4C2E-879F-1495C5E11A4B}.Debug|Any CPU.ActiveCfg = Debug|Any CPU
		{E2733B2F-5C55-4C2E-879F-1495C5E11A4B}.Debug|Any CPU.Build.0 = Debug|Any CPU
		{E2733B2F-5C55-4C2E-879F-1495C5E11A4B}.Release|Any CPU.ActiveCfg = Release|Any CPU
		{E2733B2F-5C55-4C2E-879F-1495C5E11A4B}.Release|Any CPU.Build.0 = Release|Any CPU
		{0CF393F5-88BF-435F-A294-1C118F67AD3F}.Debug|Any CPU.ActiveCfg = Debug|Any CPU
		{0CF393F5-88BF-435F-A294-1C118F67AD3F}.Debug|Any CPU.Build.0 = Debug|Any CPU
		{0CF393F5-88BF-435F-A294-1C118F67AD3F}.Release|Any CPU.ActiveCfg = Release|Any CPU
		{0CF393F5-88BF-435F-A294-1C118F67AD3F}.Release|Any CPU.Build.0 = Release|Any CPU
		{9D695910-476E-4156-8AEE-4F2DDBE984FD}.Debug|Any CPU.ActiveCfg = Debug|Any CPU
		{9D695910-476E-4156-8AEE-4F2DDBE984FD}.Debug|Any CPU.Build.0 = Debug|Any CPU
		{9D695910-476E-4156-8AEE-4F2DDBE984FD}.Release|Any CPU.ActiveCfg = Release|Any CPU
		{9D695910-476E-4156-8AEE-4F2DDBE984FD}.Release|Any CPU.Build.0 = Release|Any CPU
		{AB42B92D-2FA1-4D09-A6C4-5D8614B793A2}.Debug|Any CPU.ActiveCfg = Debug|Any CPU
		{AB42B92D-2FA1-4D09-A6C4-5D8614B793A2}.Debug|Any CPU.Build.0 = Debug|Any CPU
		{AB42B92D-2FA1-4D09-A6C4-5D8614B793A2}.Release|Any CPU.ActiveCfg = Release|Any CPU
		{AB42B92D-2FA1-4D09-A6C4-5D8614B793A2}.Release|Any CPU.Build.0 = Release|Any CPU
		{79572320-E719-4053-A12A-9D74E111FC5E}.Debug|Any CPU.ActiveCfg = Debug|Any CPU
		{79572320-E719-4053-A12A-9D74E111FC5E}.Debug|Any CPU.Build.0 = Debug|Any CPU
		{79572320-E719-4053-A12A-9D74E111FC5E}.Release|Any CPU.ActiveCfg = Release|Any CPU
		{79572320-E719-4053-A12A-9D74E111FC5E}.Release|Any CPU.Build.0 = Release|Any CPU
		{ACD61563-7365-4287-8FE8-6B0C38C5E8E3}.Debug|Any CPU.ActiveCfg = Debug|Any CPU
		{ACD61563-7365-4287-8FE8-6B0C38C5E8E3}.Debug|Any CPU.Build.0 = Debug|Any CPU
		{ACD61563-7365-4287-8FE8-6B0C38C5E8E3}.Release|Any CPU.ActiveCfg = Release|Any CPU
		{ACD61563-7365-4287-8FE8-6B0C38C5E8E3}.Release|Any CPU.Build.0 = Release|Any CPU
		{F23310EF-CC43-41C1-9C80-82B881764AC5}.Debug|Any CPU.ActiveCfg = Debug|Any CPU
		{F23310EF-CC43-41C1-9C80-82B881764AC5}.Debug|Any CPU.Build.0 = Debug|Any CPU
		{F23310EF-CC43-41C1-9C80-82B881764AC5}.Release|Any CPU.ActiveCfg = Release|Any CPU
		{F23310EF-CC43-41C1-9C80-82B881764AC5}.Release|Any CPU.Build.0 = Release|Any CPU
		{C962A9DC-6215-48E2-B2FD-D77B7D0C6D3A}.Debug|Any CPU.ActiveCfg = Debug|Any CPU
		{C962A9DC-6215-48E2-B2FD-D77B7D0C6D3A}.Debug|Any CPU.Build.0 = Debug|Any CPU
		{C962A9DC-6215-48E2-B2FD-D77B7D0C6D3A}.Release|Any CPU.ActiveCfg = Release|Any CPU
		{C962A9DC-6215-48E2-B2FD-D77B7D0C6D3A}.Release|Any CPU.Build.0 = Release|Any CPU
		{25F62AFA-DB2E-4561-9EA3-2B7764D197A4}.Debug|Any CPU.ActiveCfg = Debug|Any CPU
		{25F62AFA-DB2E-4561-9EA3-2B7764D197A4}.Debug|Any CPU.Build.0 = Debug|Any CPU
		{25F62AFA-DB2E-4561-9EA3-2B7764D197A4}.Release|Any CPU.ActiveCfg = Release|Any CPU
		{25F62AFA-DB2E-4561-9EA3-2B7764D197A4}.Release|Any CPU.Build.0 = Release|Any CPU
		{47BC0DF9-FFD4-468F-8A98-E24F4D5DA311}.Debug|Any CPU.ActiveCfg = Debug|Any CPU
		{47BC0DF9-FFD4-468F-8A98-E24F4D5DA311}.Debug|Any CPU.Build.0 = Debug|Any CPU
		{47BC0DF9-FFD4-468F-8A98-E24F4D5DA311}.Release|Any CPU.ActiveCfg = Release|Any CPU
		{47BC0DF9-FFD4-468F-8A98-E24F4D5DA311}.Release|Any CPU.Build.0 = Release|Any CPU
		{31D34D4B-888E-4667-82CE-C9599FD4A974}.Debug|Any CPU.ActiveCfg = Debug|Any CPU
		{31D34D4B-888E-4667-82CE-C9599FD4A974}.Debug|Any CPU.Build.0 = Debug|Any CPU
		{31D34D4B-888E-4667-82CE-C9599FD4A974}.Release|Any CPU.ActiveCfg = Release|Any CPU
		{31D34D4B-888E-4667-82CE-C9599FD4A974}.Release|Any CPU.Build.0 = Release|Any CPU
	EndGlobalSection
	GlobalSection(SolutionProperties) = preSolution
		HideSolutionNode = FALSE
	EndGlobalSection
	GlobalSection(NestedProjects) = preSolution
		{F8E17C87-3554-4E81-9FB6-0BC0939EDA6B} = {87C5CCCC-7448-4802-B35F-C0BEA3FF880D}
		{1BE23C45-838B-47E7-8437-90493CBEA59A} = {F8E17C87-3554-4E81-9FB6-0BC0939EDA6B}
		{1C1AD720-523F-4144-8BA3-1E86461BC019} = {F8E17C87-3554-4E81-9FB6-0BC0939EDA6B}
		{320B6932-9C96-4A1C-A2FC-F393516AE13F} = {417CE623-3714-4105-8A2F-4C1A7DB61AA7}
		{4179EC7D-789B-4570-91F9-A5D56251A6EE} = {F8E17C87-3554-4E81-9FB6-0BC0939EDA6B}
		{ED2E6A4C-FE20-4CB8-953E-880C1EE31AE6} = {417CE623-3714-4105-8A2F-4C1A7DB61AA7}
		{B8BA7A12-25B1-445D-93B8-D0F34226D053} = {417CE623-3714-4105-8A2F-4C1A7DB61AA7}
		{0D78D57D-5ED4-4898-A3E5-39C7B5ECEF0C} = {87C5CCCC-7448-4802-B35F-C0BEA3FF880D}
		{E2733B2F-5C55-4C2E-879F-1495C5E11A4B} = {0D78D57D-5ED4-4898-A3E5-39C7B5ECEF0C}
		{0CF393F5-88BF-435F-A294-1C118F67AD3F} = {0D78D57D-5ED4-4898-A3E5-39C7B5ECEF0C}
		{9D695910-476E-4156-8AEE-4F2DDBE984FD} = {0D78D57D-5ED4-4898-A3E5-39C7B5ECEF0C}
		{AB42B92D-2FA1-4D09-A6C4-5D8614B793A2} = {D96C6D53-E9ED-4E32-9856-B858A63C9D9E}
		{79572320-E719-4053-A12A-9D74E111FC5E} = {417CE623-3714-4105-8A2F-4C1A7DB61AA7}
		{ACD61563-7365-4287-8FE8-6B0C38C5E8E3} = {417CE623-3714-4105-8A2F-4C1A7DB61AA7}
		{F23310EF-CC43-41C1-9C80-82B881764AC5} = {D96C6D53-E9ED-4E32-9856-B858A63C9D9E}
		{C962A9DC-6215-48E2-B2FD-D77B7D0C6D3A} = {F8E17C87-3554-4E81-9FB6-0BC0939EDA6B}
		{25F62AFA-DB2E-4561-9EA3-2B7764D197A4} = {F8E17C87-3554-4E81-9FB6-0BC0939EDA6B}
		{47BC0DF9-FFD4-468F-8A98-E24F4D5DA311} = {0D78D57D-5ED4-4898-A3E5-39C7B5ECEF0C}
		{31D34D4B-888E-4667-82CE-C9599FD4A974} = {0D78D57D-5ED4-4898-A3E5-39C7B5ECEF0C}
	EndGlobalSection
	GlobalSection(ExtensibilityGlobals) = postSolution
		SolutionGuid = {C4DE08D7-0160-4FCF-876A-904438A56A8A}
	EndGlobalSection
EndGlobal
