
Microsoft Visual Studio Solution File, Format Version 12.00
# Visual Studio Version 16
VisualStudioVersion = 16.0.28803.202
MinimumVisualStudioVersion = 10.0.40219.1
Project("{2150E333-8FDC-42A3-9474-1A3956D46DE8}") = "Solution Items", "Solution Items", "{748FD7C1-877B-451D-809A-68E032C39B34}"
	ProjectSection(SolutionItems) = preProject
		.editorconfig = .editorconfig
		LICENCE.txt = LICENCE.txt
		README.md = README.md
		Rebracer.xml = Rebracer.xml
	EndProjectSection
EndProject
Project("{2150E333-8FDC-42A3-9474-1A3956D46DE8}") = "Demos", "Demos", "{87C5CCCC-7448-4802-B35F-C0BEA3FF880D}"
EndProject
Project("{2150E333-8FDC-42A3-9474-1A3956D46DE8}") = "SimpleDemo", "SimpleDemo", "{F8E17C87-3554-4E81-9FB6-0BC0939EDA6B}"
EndProject
Project("{9A19103F-16F7-4668-BE54-9A1E7A4F7556}") = "SimpleDemo.Core", "Demos\SimpleDemo\SimpleDemo.Core\SimpleDemo.Core.csproj", "{1BE23C45-838B-47E7-8437-90493CBEA59A}"
EndProject
Project("{FAE04EC0-301F-11D3-BF4B-00C04F79EFBC}") = "SimpleDemo.WPF", "Demos\SimpleDemo\SimpleDemo.WPF\SimpleDemo.WPF.csproj", "{1C1AD720-523F-4144-8BA3-1E86461BC019}"
EndProject
Project("{2150E333-8FDC-42A3-9474-1A3956D46DE8}") = "Modules", "Modules", "{417CE623-3714-4105-8A2F-4C1A7DB61AA7}"
EndProject
Project("{FAE04EC0-301F-11D3-BF4B-00C04F79EFBC}") = "MinoriEditorStudio", "Modules\MinoriEditorStudio\MinoriEditorStudio.csproj", "{320B6932-9C96-4A1C-A2FC-F393516AE13F}"
EndProject
Global
	GlobalSection(SolutionConfigurationPlatforms) = preSolution
		Debug|Any CPU = Debug|Any CPU
		Release|Any CPU = Release|Any CPU
	EndGlobalSection
	GlobalSection(ProjectConfigurationPlatforms) = postSolution
		{1BE23C45-838B-47E7-8437-90493CBEA59A}.Debug|Any CPU.ActiveCfg = Debug|Any CPU
		{1BE23C45-838B-47E7-8437-90493CBEA59A}.Debug|Any CPU.Build.0 = Debug|Any CPU
		{1BE23C45-838B-47E7-8437-90493CBEA59A}.Release|Any CPU.ActiveCfg = Release|Any CPU
		{1BE23C45-838B-47E7-8437-90493CBEA59A}.Release|Any CPU.Build.0 = Release|Any CPU
		{1C1AD720-523F-4144-8BA3-1E86461BC019}.Debug|Any CPU.ActiveCfg = Debug|Any CPU
		{1C1AD720-523F-4144-8BA3-1E86461BC019}.Debug|Any CPU.Build.0 = Debug|Any CPU
		{1C1AD720-523F-4144-8BA3-1E86461BC019}.Release|Any CPU.ActiveCfg = Release|Any CPU
		{1C1AD720-523F-4144-8BA3-1E86461BC019}.Release|Any CPU.Build.0 = Release|Any CPU
		{320B6932-9C96-4A1C-A2FC-F393516AE13F}.Debug|Any CPU.ActiveCfg = Debug|Any CPU
		{320B6932-9C96-4A1C-A2FC-F393516AE13F}.Debug|Any CPU.Build.0 = Debug|Any CPU
		{320B6932-9C96-4A1C-A2FC-F393516AE13F}.Release|Any CPU.ActiveCfg = Release|Any CPU
		{320B6932-9C96-4A1C-A2FC-F393516AE13F}.Release|Any CPU.Build.0 = Release|Any CPU
	EndGlobalSection
	GlobalSection(SolutionProperties) = preSolution
		HideSolutionNode = FALSE
	EndGlobalSection
	GlobalSection(NestedProjects) = preSolution
		{F8E17C87-3554-4E81-9FB6-0BC0939EDA6B} = {87C5CCCC-7448-4802-B35F-C0BEA3FF880D}
		{1BE23C45-838B-47E7-8437-90493CBEA59A} = {F8E17C87-3554-4E81-9FB6-0BC0939EDA6B}
		{1C1AD720-523F-4144-8BA3-1E86461BC019} = {F8E17C87-3554-4E81-9FB6-0BC0939EDA6B}
		{320B6932-9C96-4A1C-A2FC-F393516AE13F} = {417CE623-3714-4105-8A2F-4C1A7DB61AA7}
	EndGlobalSection
	GlobalSection(ExtensibilityGlobals) = postSolution
		SolutionGuid = {C4DE08D7-0160-4FCF-876A-904438A56A8A}
	EndGlobalSection
EndGlobal
